
Microsoft Visual Studio Solution File, Format Version 12.00
# Visual Studio Version 17
VisualStudioVersion = 17.10.34928.147
MinimumVisualStudioVersion = 10.0.40219.1
Project("{FAE04EC0-301F-11D3-BF4B-00C04F79EFBC}") = "TR0llS", "TR0llS\TR0llS.csproj", "{81F3C7C0-5F9D-4D6E-9661-67CEE834CA18}"
EndProject
Global
	GlobalSection(SolutionConfigurationPlatforms) = preSolution
		Debug|Any CPU = Debug|Any CPU
		Release|Any CPU = Release|Any CPU
	EndGlobalSection
	GlobalSection(ProjectConfigurationPlatforms) = postSolution
		{81F3C7C0-5F9D-4D6E-9661-67CEE834CA18}.Debug|Any CPU.ActiveCfg = Debug|Any CPU
		{81F3C7C0-5F9D-4D6E-9661-67CEE834CA18}.Debug|Any CPU.Build.0 = Debug|Any CPU
		{81F3C7C0-5F9D-4D6E-9661-67CEE834CA18}.Release|Any CPU.ActiveCfg = Release|Any CPU
		{81F3C7C0-5F9D-4D6E-9661-67CEE834CA18}.Release|Any CPU.Build.0 = Release|Any CPU
	EndGlobalSection
	GlobalSection(SolutionProperties) = preSolution
		HideSolutionNode = FALSE
	EndGlobalSection
	GlobalSection(ExtensibilityGlobals) = postSolution
		SolutionGuid = {9E5A1380-0CD9-4D36-AD09-D840357E4337}
	EndGlobalSection
EndGlobal
